// !$*UTF8*$!
{
	archiveVersion = 1;
	classes = {
	};
	objectVersion = 77;
	objects = {

/* Begin PBXBuildFile section */
		035B1A5CA4B375CE041E0E2B /* ContentAccessService.swift in Sources */ = {isa = PBXBuildFile; fileRef = 324F5D76807C318F0B54DF88 /* ContentAccessService.swift */; };
		096A9B721BC23C041D51C8BF /* LockAndStudySharedConstants.swift in Sources */ = {isa = PBXBuildFile; fileRef = 84EB3F8AB3401C67B6D6CBC2 /* LockAndStudySharedConstants.swift */; };
		099B3EA251EA12104F2CB1B6 /* LockAndStudyTheme.swift in Sources */ = {isa = PBXBuildFile; fileRef = 5A7378A9A7ED5C8E3B63286F /* LockAndStudyTheme.swift */; };
		09B44968BBDC4A73D58D632A /* CommerceTests.swift in Sources */ = {isa = PBXBuildFile; fileRef = EA6C993937583046ED9BF8B7 /* CommerceTests.swift */; };
		0B0EF4F88EE221B59C611667 /* DeviceActivityMonitorExtension.swift in Sources */ = {isa = PBXBuildFile; fileRef = DAEF0802E477B496A5E664CD /* DeviceActivityMonitorExtension.swift */; };
		0C143D774B63E9B8F340382F /* LockAndStudyUITests.swift in Sources */ = {isa = PBXBuildFile; fileRef = 6A79975337CC2A0F9348BD4A /* LockAndStudyUITests.swift */; };
		0DF34DBCF6802BB05692FECB /* PrivacyInfo.xcprivacy in Resources */ = {isa = PBXBuildFile; fileRef = D6009FFC70F6B9E6C861D7E9 /* PrivacyInfo.xcprivacy */; };
		0F100E2D141C5997D3FB15F8 /* ShieldActionExtension.swift in Sources */ = {isa = PBXBuildFile; fileRef = 5506B298B08A2A671BFABE38 /* ShieldActionExtension.swift */; };
		13565A7D4033317B7CFE9B31 /* AppRouter.swift in Sources */ = {isa = PBXBuildFile; fileRef = 3177EA014819A28B300C176E /* AppRouter.swift */; };
		1C58FDF3D58F841B64DEB956 /* EmergencyUnlockTests.swift in Sources */ = {isa = PBXBuildFile; fileRef = D66ECF0AAA315C757C2D5E10 /* EmergencyUnlockTests.swift */; };
		1D2518A1083A7EFB1703242E /* LockPolicyStore.swift in Sources */ = {isa = PBXBuildFile; fileRef = 637ABE5B9E39BA13BE35BF3F /* LockPolicyStore.swift */; };
		1EC6BFC6066C3BA95B3923FA /* LockPolicy.swift in Sources */ = {isa = PBXBuildFile; fileRef = BB950C209CD7EF2261125E6A /* LockPolicy.swift */; };
		28D7EED9DB83D7440EB457BF /* SpeechService.swift in Sources */ = {isa = PBXBuildFile; fileRef = C0D98D7EF0D60BF6E3208D7B /* SpeechService.swift */; };
		29640E100BAA4C114A034E04 /* PurchaseView.swift in Sources */ = {isa = PBXBuildFile; fileRef = A3D1663F496DE2C9133B28CF /* PurchaseView.swift */; };
		2D06E60120AEC27E118473A9 /* ContentRepository.swift in Sources */ = {isa = PBXBuildFile; fileRef = 5ED9C76653DE4320A788E36C /* ContentRepository.swift */; };
		2DF343EB992FFA5776C46196 /* EmergencyUnlockService.swift in Sources */ = {isa = PBXBuildFile; fileRef = AD9F67380D89054BE98C9310 /* EmergencyUnlockService.swift */; };
		2F84E5A45F98E9BB8336FF34 /* LearningDataStore.swift in Sources */ = {isa = PBXBuildFile; fileRef = C8A89A96ABEC00BB68023331 /* LearningDataStore.swift */; };
		2FC4D5A708A9EC329C1DEEA1 /* PrivacyInfo.xcprivacy in Resources */ = {isa = PBXBuildFile; fileRef = 863B9A9420F9698C3E2583E6 /* PrivacyInfo.xcprivacy */; };
		36063AC227FB8AE7A235FF04 /* LegacyMigrationModels.swift in Sources */ = {isa = PBXBuildFile; fileRef = 635D00A3D7BCE4F695F30AD3 /* LegacyMigrationModels.swift */; };
		3EBB25F544585F8E92288630 /* LockAndStudyTheme.swift in Sources */ = {isa = PBXBuildFile; fileRef = 5A7378A9A7ED5C8E3B63286F /* LockAndStudyTheme.swift */; };
		3FCB7A6F74EB7441301106C1 /* ScreenTimeLockService.swift in Sources */ = {isa = PBXBuildFile; fileRef = 4BD167345A6CDA06B3C5F557 /* ScreenTimeLockService.swift */; };
		436291DCC22D3FBEA1C0F6C7 /* LockAndStudyTheme.swift in Sources */ = {isa = PBXBuildFile; fileRef = 5A7378A9A7ED5C8E3B63286F /* LockAndStudyTheme.swift */; };
		4AA867658561F145B8EA9603 /* takken2026_credits_v1.txt in Resources */ = {isa = PBXBuildFile; fileRef = 7889412D6DB09D61362CF630 /* takken2026_credits_v1.txt */; };
		51C88E183F7FF33322A9235A /* ShieldConfigurationExtension.swift in Sources */ = {isa = PBXBuildFile; fileRef = 75B9726E361B52CCEAE745AC /* ShieldConfigurationExtension.swift */; };
		52ADC0EB12BAF6AD5E49045B /* LockAndStudyShieldConfigurationExtension.appex in Embed Foundation Extensions */ = {isa = PBXBuildFile; fileRef = CC285D65F09CA0653D4AEB4A /* LockAndStudyShieldConfigurationExtension.appex */; settings = {ATTRIBUTES = (RemoveHeadersOnCopy, ); }; };
		54A21221B81D099D1D217EF2 /* LibraryView.swift in Sources */ = {isa = PBXBuildFile; fileRef = 1E87AD7FD20E82487B0A025A /* LibraryView.swift */; };
		57869F6083D674575A252113 /* RecordsView.swift in Sources */ = {isa = PBXBuildFile; fileRef = 5C0547F62B36021C0853BCF5 /* RecordsView.swift */; };
		5807053DFC1C56B5B5A69B9A /* LockAndStudyShieldActionExtension.appex in Embed Foundation Extensions */ = {isa = PBXBuildFile; fileRef = E555E9D988204E317D236852 /* LockAndStudyShieldActionExtension.appex */; settings = {ATTRIBUTES = (RemoveHeadersOnCopy, ); }; };
		65C07F72B63F9E77DC816A11 /* takken_2026_free_100_v1.json in Resources */ = {isa = PBXBuildFile; fileRef = 277A8685DD63B58B9476AD84 /* takken_2026_free_100_v1.json */; };
		69B12495586EB8B946E8A800 /* LockAndStudy.storekit in Resources */ = {isa = PBXBuildFile; fileRef = 13D261FF84F544E4D59FFF3D /* LockAndStudy.storekit */; };
		6BB757E430990DE8F1792CB0 /* english3000_metadata_v1.json in Resources */ = {isa = PBXBuildFile; fileRef = 8D05A8487A9D68222CEC0AE5 /* english3000_metadata_v1.json */; };
		6C273D6FE27922D7B012AACC /* DependencyContainer.swift in Sources */ = {isa = PBXBuildFile; fileRef = 3BD7630F84A8754CBF8048C2 /* DependencyContainer.swift */; };
		70527BA2426DBAD5AA241E27 /* HomeView.swift in Sources */ = {isa = PBXBuildFile; fileRef = C67D9A35729225E0DA1D8D94 /* HomeView.swift */; };
		73DEE204709B5F6C12961649 /* LearningModels.swift in Sources */ = {isa = PBXBuildFile; fileRef = F3B645229A553BB28BF3498E /* LearningModels.swift */; };
		75BA03B28D46795243DE86C7 /* CommerceModels.swift in Sources */ = {isa = PBXBuildFile; fileRef = 7ECC8F6A66E9089FAB87D5C8 /* CommerceModels.swift */; };
		77D56F0BA44C197A40375CE7 /* english3000_credits_v1.txt in Resources */ = {isa = PBXBuildFile; fileRef = 3F3DA7CDC1C22F4543B40EA8 /* english3000_credits_v1.txt */; };
		7B08610E275B69A99D10C766 /* PrivacyInfo.xcprivacy in Resources */ = {isa = PBXBuildFile; fileRef = 3EFF3ED639E65CC19BD33E3C /* PrivacyInfo.xcprivacy */; };
		808102F7802EC613002F3EB2 /* StudySessionView.swift in Sources */ = {isa = PBXBuildFile; fileRef = E710BB9EA03E205FD3A89607 /* StudySessionView.swift */; };
		82A5F87CA7239C7298C5D0B9 /* AppModel.swift in Sources */ = {isa = PBXBuildFile; fileRef = F578678CAD769C00603D3D6E /* AppModel.swift */; };
		871FCCE7D366B40637AA6085 /* LockPolicyTests.swift in Sources */ = {isa = PBXBuildFile; fileRef = D8740A31CF8244BDC71F8395 /* LockPolicyTests.swift */; };
		8B2E9B5F62DD8C2CBEEA4D93 /* ContentAndStoreKitTests.swift in Sources */ = {isa = PBXBuildFile; fileRef = 10A2FDD02695CD5C9DC00DE2 /* ContentAndStoreKitTests.swift */; };
		8C18284A7C5762212C4D66C7 /* EmergencyUnlockView.swift in Sources */ = {isa = PBXBuildFile; fileRef = AFAAD12E85FA2D52431CB5EF /* EmergencyUnlockView.swift */; };
		9777C13D8261BFCEE994BF15 /* NotificationService.swift in Sources */ = {isa = PBXBuildFile; fileRef = 99537359B9B92CCBE0D61ABE /* NotificationService.swift */; };
		99296404BABD37DB6730706D /* SettingsView.swift in Sources */ = {isa = PBXBuildFile; fileRef = 160FAFE293AD59C512C73931 /* SettingsView.swift */; };
		9C940F442F86A524699CFCA1 /* PrivacyInfo.xcprivacy in Resources */ = {isa = PBXBuildFile; fileRef = D8C4A6BC2C49919399F5D034 /* PrivacyInfo.xcprivacy */; };
		9CDBCD15696C125910E06C96 /* LockAndStudySharedConstants.swift in Sources */ = {isa = PBXBuildFile; fileRef = 84EB3F8AB3401C67B6D6CBC2 /* LockAndStudySharedConstants.swift */; };
		A1A39743C39BAA4F98A90169 /* ManagementCodeStore.swift in Sources */ = {isa = PBXBuildFile; fileRef = 61D548D8C143A48F87AB2FFA /* ManagementCodeStore.swift */; };
		A4B19689206FE9436F81E407 /* PendingUnlockRequestCoordinator.swift in Sources */ = {isa = PBXBuildFile; fileRef = A4F6CE336058F8D86FD00DE5 /* PendingUnlockRequestCoordinator.swift */; };
		A93EEFF9DE12E3923D210120 /* StoreKitCommerceService.swift in Sources */ = {isa = PBXBuildFile; fileRef = 4FF2F115FD03369D7142BC94 /* StoreKitCommerceService.swift */; };
		AFDDA993E03EDA0FB485E698 /* LockAndStudySharedConstants.swift in Sources */ = {isa = PBXBuildFile; fileRef = 84EB3F8AB3401C67B6D6CBC2 /* LockAndStudySharedConstants.swift */; };
		B35480BAA9533ADE7FC929DF /* VocabularyStudyModule.swift in Sources */ = {isa = PBXBuildFile; fileRef = A9C0A206E3F580B0270EEEC9 /* VocabularyStudyModule.swift */; };
		B7BCC7D6831907F02030B2A6 /* vocabulary_english3000_v1.json in Resources */ = {isa = PBXBuildFile; fileRef = 42D285ECB76C5343277EDC93 /* vocabulary_english3000_v1.json */; };
		B8B6AECAF7B797642B899462 /* takken2026_metadata_v1.json in Resources */ = {isa = PBXBuildFile; fileRef = 39E6AEA2E412FDC3AF36B580 /* takken2026_metadata_v1.json */; };
		BC38DAB0BBBC98A1A3C9444B /* TakkenStudyModule.swift in Sources */ = {isa = PBXBuildFile; fileRef = 2BE0A366EC784825AD441E79 /* TakkenStudyModule.swift */; };
		C30BC2874B21A4016C61DC2C /* study_pack_catalog.json in Resources */ = {isa = PBXBuildFile; fileRef = BA10848279A29FDC4027C45A /* study_pack_catalog.json */; };
		C73DA41286439F48D0BFDB0E /* vocabulary_free_sample_250_v1.json in Resources */ = {isa = PBXBuildFile; fileRef = C6C30B7842E5A9CF6618495D /* vocabulary_free_sample_250_v1.json */; };
		CAA00DCD5AAA296C1586D16C /* ManagementCodeTests.swift in Sources */ = {isa = PBXBuildFile; fileRef = AEC3A0448978244375469A22 /* ManagementCodeTests.swift */; };
		CB3AB4FB3D780DFDBC1BC9F4 /* Assets.xcassets in Resources */ = {isa = PBXBuildFile; fileRef = D9634DE74BB84C2DBCE59CCE /* Assets.xcassets */; };
		CBFCB5AC889A69CF66C73428 /* LockAndStudySharedConstants.swift in Sources */ = {isa = PBXBuildFile; fileRef = 84EB3F8AB3401C67B6D6CBC2 /* LockAndStudySharedConstants.swift */; };
		CD5A09898B9ADC452E1F20D3 /* Localizable.xcstrings in Resources */ = {isa = PBXBuildFile; fileRef = BA037A666C8D37419D5FFE30 /* Localizable.xcstrings */; };
		D82E16DEB2D0B9DC7C0FAF09 /* LearningTests.swift in Sources */ = {isa = PBXBuildFile; fileRef = D6F235FC79B123FC718044A6 /* LearningTests.swift */; };
		DB83706FBC091A56363A0ECE /* DateProvider.swift in Sources */ = {isa = PBXBuildFile; fileRef = DA552FC4A38D04718E7EAD28 /* DateProvider.swift */; };
		DF66BCA355EB733944CED008 /* OnboardingFlowView.swift in Sources */ = {isa = PBXBuildFile; fileRef = 4DBF098CE23D864F3780E5D2 /* OnboardingFlowView.swift */; };
		E7F9F777603FB78B4B666EE9 /* StudyContentModels.swift in Sources */ = {isa = PBXBuildFile; fileRef = 98737A725F68857CDF65FFD8 /* StudyContentModels.swift */; };
		EA0066AF5BFF239D744A6323 /* RootView.swift in Sources */ = {isa = PBXBuildFile; fileRef = 78362FCBBFB75B1257172434 /* RootView.swift */; };
		EFE0E2B71811DED4202557F5 /* LockAndStudyDeviceActivityMonitorExtension.appex in Embed Foundation Extensions */ = {isa = PBXBuildFile; fileRef = 4039A8C47CD5D7D3D3E5FB4D /* LockAndStudyDeviceActivityMonitorExtension.appex */; settings = {ATTRIBUTES = (RemoveHeadersOnCopy, ); }; };
		F3B3DC444DD0E336062873E3 /* LockAndStudyApp.swift in Sources */ = {isa = PBXBuildFile; fileRef = 9646ABC650E86550A2B44F90 /* LockAndStudyApp.swift */; };
		F688AF112F15C7DE22D05BBC /* LockAndStudyTheme.swift in Sources */ = {isa = PBXBuildFile; fileRef = 5A7378A9A7ED5C8E3B63286F /* LockAndStudyTheme.swift */; };
		FDE1EC3F7199EEF88B9C330C /* PolicyProtectionService.swift in Sources */ = {isa = PBXBuildFile; fileRef = C5E08D0CE9E32773B1696FC5 /* PolicyProtectionService.swift */; };
/* End PBXBuildFile section */

/* Begin PBXContainerItemProxy section */
		1C138055954C677AE40C1A54 /* PBXContainerItemProxy */ = {
			isa = PBXContainerItemProxy;
			containerPortal = 0A79C5E4591C233F092AAA74 /* Project object */;
			proxyType = 1;
			remoteGlobalIDString = DBED801591001112471D8F82;
			remoteInfo = LockAndStudy;
		};
		4AD670903C4B32184A44D51E /* PBXContainerItemProxy */ = {
			isa = PBXContainerItemProxy;
			containerPortal = 0A79C5E4591C233F092AAA74 /* Project object */;
			proxyType = 1;
			remoteGlobalIDString = 34FBC548957566570DC731B8;
			remoteInfo = LockAndStudyShieldConfigurationExtension;
		};
		8656A382D65B0A7F4233CA97 /* PBXContainerItemProxy */ = {
			isa = PBXContainerItemProxy;
			containerPortal = 0A79C5E4591C233F092AAA74 /* Project object */;
			proxyType = 1;
			remoteGlobalIDString = C5D948F7874379018BE3773C;
			remoteInfo = LockAndStudyDeviceActivityMonitorExtension;
		};
		BD0337637EB346392EDC098F /* PBXContainerItemProxy */ = {
			isa = PBXContainerItemProxy;
			containerPortal = 0A79C5E4591C233F092AAA74 /* Project object */;
			proxyType = 1;
			remoteGlobalIDString = DBED801591001112471D8F82;
			remoteInfo = LockAndStudy;
		};
		CDC877831EFEB75C28E2683A /* PBXContainerItemProxy */ = {
			isa = PBXContainerItemProxy;
			containerPortal = 0A79C5E4591C233F092AAA74 /* Project object */;
			proxyType = 1;
			remoteGlobalIDString = 0758A5573090B8D74E93A8EB;
			remoteInfo = LockAndStudyShieldActionExtension;
		};
/* End PBXContainerItemProxy section */

/* Begin PBXCopyFilesBuildPhase section */
		2C631923CB306792DDAE08FF /* Embed Foundation Extensions */ = {
			isa = PBXCopyFilesBuildPhase;
			buildActionMask = 2147483647;
			dstPath = "";
			dstSubfolderSpec = 13;
			files = (
				52ADC0EB12BAF6AD5E49045B /* LockAndStudyShieldConfigurationExtension.appex in Embed Foundation Extensions */,
				5807053DFC1C56B5B5A69B9A /* LockAndStudyShieldActionExtension.appex in Embed Foundation Extensions */,
				EFE0E2B71811DED4202557F5 /* LockAndStudyDeviceActivityMonitorExtension.appex in Embed Foundation Extensions */,
			);
			name = "Embed Foundation Extensions";
			runOnlyForDeploymentPostprocessing = 0;
		};
/* End PBXCopyFilesBuildPhase section */

/* Begin PBXFileReference section */
		10A2FDD02695CD5C9DC00DE2 /* ContentAndStoreKitTests.swift */ = {isa = PBXFileReference; lastKnownFileType = sourcecode.swift; path = ContentAndStoreKitTests.swift; sourceTree = "<group>"; };
		13D261FF84F544E4D59FFF3D /* LockAndStudy.storekit */ = {isa = PBXFileReference; path = LockAndStudy.storekit; sourceTree = "<group>"; };
		160FAFE293AD59C512C73931 /* SettingsView.swift */ = {isa = PBXFileReference; lastKnownFileType = sourcecode.swift; path = SettingsView.swift; sourceTree = "<group>"; };
		1E87AD7FD20E82487B0A025A /* LibraryView.swift */ = {isa = PBXFileReference; lastKnownFileType = sourcecode.swift; path = LibraryView.swift; sourceTree = "<group>"; };
		219C0FA59263DCC1968C6F17 /* LockAndStudyUITests.xctest */ = {isa = PBXFileReference; includeInIndex = 0; lastKnownFileType = wrapper.cfbundle; path = LockAndStudyUITests.xctest; sourceTree = BUILT_PRODUCTS_DIR; };
		25F8C54005832BB63AB98AD0 /* LockAndStudy.app */ = {isa = PBXFileReference; includeInIndex = 0; lastKnownFileType = wrapper.application; path = LockAndStudy.app; sourceTree = BUILT_PRODUCTS_DIR; };
		277A8685DD63B58B9476AD84 /* takken_2026_free_100_v1.json */ = {isa = PBXFileReference; lastKnownFileType = text.json; path = takken_2026_free_100_v1.json; sourceTree = "<group>"; };
		2BE0A366EC784825AD441E79 /* TakkenStudyModule.swift */ = {isa = PBXFileReference; lastKnownFileType = sourcecode.swift; path = TakkenStudyModule.swift; sourceTree = "<group>"; };
		3177EA014819A28B300C176E /* AppRouter.swift */ = {isa = PBXFileReference; lastKnownFileType = sourcecode.swift; path = AppRouter.swift; sourceTree = "<group>"; };
		324F5D76807C318F0B54DF88 /* ContentAccessService.swift */ = {isa = PBXFileReference; lastKnownFileType = sourcecode.swift; path = ContentAccessService.swift; sourceTree = "<group>"; };
		39E6AEA2E412FDC3AF36B580 /* takken2026_metadata_v1.json */ = {isa = PBXFileReference; lastKnownFileType = text.json; path = takken2026_metadata_v1.json; sourceTree = "<group>"; };
		3BD7630F84A8754CBF8048C2 /* DependencyContainer.swift */ = {isa = PBXFileReference; lastKnownFileType = sourcecode.swift; path = DependencyContainer.swift; sourceTree = "<group>"; };
		3EFF3ED639E65CC19BD33E3C /* PrivacyInfo.xcprivacy */ = {isa = PBXFileReference; path = PrivacyInfo.xcprivacy; sourceTree = "<group>"; };
		3F3DA7CDC1C22F4543B40EA8 /* english3000_credits_v1.txt */ = {isa = PBXFileReference; lastKnownFileType = text; path = english3000_credits_v1.txt; sourceTree = "<group>"; };
		4039A8C47CD5D7D3D3E5FB4D /* LockAndStudyDeviceActivityMonitorExtension.appex */ = {isa = PBXFileReference; includeInIndex = 0; lastKnownFileType = "wrapper.app-extension"; path = LockAndStudyDeviceActivityMonitorExtension.appex; sourceTree = BUILT_PRODUCTS_DIR; };
		42D285ECB76C5343277EDC93 /* vocabulary_english3000_v1.json */ = {isa = PBXFileReference; lastKnownFileType = text.json; path = vocabulary_english3000_v1.json; sourceTree = "<group>"; };
		4BD167345A6CDA06B3C5F557 /* ScreenTimeLockService.swift */ = {isa = PBXFileReference; lastKnownFileType = sourcecode.swift; path = ScreenTimeLockService.swift; sourceTree = "<group>"; };
		4DBF098CE23D864F3780E5D2 /* OnboardingFlowView.swift */ = {isa = PBXFileReference; lastKnownFileType = sourcecode.swift; path = OnboardingFlowView.swift; sourceTree = "<group>"; };
		4FF2F115FD03369D7142BC94 /* StoreKitCommerceService.swift */ = {isa = PBXFileReference; lastKnownFileType = sourcecode.swift; path = StoreKitCommerceService.swift; sourceTree = "<group>"; };
		5506B298B08A2A671BFABE38 /* ShieldActionExtension.swift */ = {isa = PBXFileReference; lastKnownFileType = sourcecode.swift; path = ShieldActionExtension.swift; sourceTree = "<group>"; };
		5A7378A9A7ED5C8E3B63286F /* LockAndStudyTheme.swift */ = {isa = PBXFileReference; lastKnownFileType = sourcecode.swift; path = LockAndStudyTheme.swift; sourceTree = "<group>"; };
		5C0547F62B36021C0853BCF5 /* RecordsView.swift */ = {isa = PBXFileReference; lastKnownFileType = sourcecode.swift; path = RecordsView.swift; sourceTree = "<group>"; };
		5ED9C76653DE4320A788E36C /* ContentRepository.swift */ = {isa = PBXFileReference; lastKnownFileType = sourcecode.swift; path = ContentRepository.swift; sourceTree = "<group>"; };
		61D548D8C143A48F87AB2FFA /* ManagementCodeStore.swift */ = {isa = PBXFileReference; lastKnownFileType = sourcecode.swift; path = ManagementCodeStore.swift; sourceTree = "<group>"; };
		635D00A3D7BCE4F695F30AD3 /* LegacyMigrationModels.swift */ = {isa = PBXFileReference; lastKnownFileType = sourcecode.swift; path = LegacyMigrationModels.swift; sourceTree = "<group>"; };
		637ABE5B9E39BA13BE35BF3F /* LockPolicyStore.swift */ = {isa = PBXFileReference; lastKnownFileType = sourcecode.swift; path = LockPolicyStore.swift; sourceTree = "<group>"; };
		68D30B6EBDEE402888CEE7BC /* LockAndStudyTests.xctest */ = {isa = PBXFileReference; includeInIndex = 0; lastKnownFileType = wrapper.cfbundle; path = LockAndStudyTests.xctest; sourceTree = BUILT_PRODUCTS_DIR; };
		6A79975337CC2A0F9348BD4A /* LockAndStudyUITests.swift */ = {isa = PBXFileReference; lastKnownFileType = sourcecode.swift; path = LockAndStudyUITests.swift; sourceTree = "<group>"; };
		75B9726E361B52CCEAE745AC /* ShieldConfigurationExtension.swift */ = {isa = PBXFileReference; lastKnownFileType = sourcecode.swift; path = ShieldConfigurationExtension.swift; sourceTree = "<group>"; };
		78362FCBBFB75B1257172434 /* RootView.swift */ = {isa = PBXFileReference; lastKnownFileType = sourcecode.swift; path = RootView.swift; sourceTree = "<group>"; };
		7889412D6DB09D61362CF630 /* takken2026_credits_v1.txt */ = {isa = PBXFileReference; lastKnownFileType = text; path = takken2026_credits_v1.txt; sourceTree = "<group>"; };
		7ECC8F6A66E9089FAB87D5C8 /* CommerceModels.swift */ = {isa = PBXFileReference; lastKnownFileType = sourcecode.swift; path = CommerceModels.swift; sourceTree = "<group>"; };
		84EB3F8AB3401C67B6D6CBC2 /* LockAndStudySharedConstants.swift */ = {isa = PBXFileReference; lastKnownFileType = sourcecode.swift; path = LockAndStudySharedConstants.swift; sourceTree = "<group>"; };
		863B9A9420F9698C3E2583E6 /* PrivacyInfo.xcprivacy */ = {isa = PBXFileReference; path = PrivacyInfo.xcprivacy; sourceTree = "<group>"; };
		8D05A8487A9D68222CEC0AE5 /* english3000_metadata_v1.json */ = {isa = PBXFileReference; lastKnownFileType = text.json; path = english3000_metadata_v1.json; sourceTree = "<group>"; };
		9646ABC650E86550A2B44F90 /* LockAndStudyApp.swift */ = {isa = PBXFileReference; lastKnownFileType = sourcecode.swift; path = LockAndStudyApp.swift; sourceTree = "<group>"; };
		98737A725F68857CDF65FFD8 /* StudyContentModels.swift */ = {isa = PBXFileReference; lastKnownFileType = sourcecode.swift; path = StudyContentModels.swift; sourceTree = "<group>"; };
		99537359B9B92CCBE0D61ABE /* NotificationService.swift */ = {isa = PBXFileReference; lastKnownFileType = sourcecode.swift; path = NotificationService.swift; sourceTree = "<group>"; };
		A3D1663F496DE2C9133B28CF /* PurchaseView.swift */ = {isa = PBXFileReference; lastKnownFileType = sourcecode.swift; path = PurchaseView.swift; sourceTree = "<group>"; };
		A4F6CE336058F8D86FD00DE5 /* PendingUnlockRequestCoordinator.swift */ = {isa = PBXFileReference; lastKnownFileType = sourcecode.swift; path = PendingUnlockRequestCoordinator.swift; sourceTree = "<group>"; };
		A9C0A206E3F580B0270EEEC9 /* VocabularyStudyModule.swift */ = {isa = PBXFileReference; lastKnownFileType = sourcecode.swift; path = VocabularyStudyModule.swift; sourceTree = "<group>"; };
		AD9F67380D89054BE98C9310 /* EmergencyUnlockService.swift */ = {isa = PBXFileReference; lastKnownFileType = sourcecode.swift; path = EmergencyUnlockService.swift; sourceTree = "<group>"; };
		AEC3A0448978244375469A22 /* ManagementCodeTests.swift */ = {isa = PBXFileReference; lastKnownFileType = sourcecode.swift; path = ManagementCodeTests.swift; sourceTree = "<group>"; };
		AFAAD12E85FA2D52431CB5EF /* EmergencyUnlockView.swift */ = {isa = PBXFileReference; lastKnownFileType = sourcecode.swift; path = EmergencyUnlockView.swift; sourceTree = "<group>"; };
		BA037A666C8D37419D5FFE30 /* Localizable.xcstrings */ = {isa = PBXFileReference; lastKnownFileType = text.json.xcstrings; path = Localizable.xcstrings; sourceTree = "<group>"; };
		BA10848279A29FDC4027C45A /* study_pack_catalog.json */ = {isa = PBXFileReference; lastKnownFileType = text.json; path = study_pack_catalog.json; sourceTree = "<group>"; };
		BB950C209CD7EF2261125E6A /* LockPolicy.swift */ = {isa = PBXFileReference; lastKnownFileType = sourcecode.swift; path = LockPolicy.swift; sourceTree = "<group>"; };
		C0D98D7EF0D60BF6E3208D7B /* SpeechService.swift */ = {isa = PBXFileReference; lastKnownFileType = sourcecode.swift; path = SpeechService.swift; sourceTree = "<group>"; };
		C5E08D0CE9E32773B1696FC5 /* PolicyProtectionService.swift */ = {isa = PBXFileReference; lastKnownFileType = sourcecode.swift; path = PolicyProtectionService.swift; sourceTree = "<group>"; };
		C67D9A35729225E0DA1D8D94 /* HomeView.swift */ = {isa = PBXFileReference; lastKnownFileType = sourcecode.swift; path = HomeView.swift; sourceTree = "<group>"; };
		C6C30B7842E5A9CF6618495D /* vocabulary_free_sample_250_v1.json */ = {isa = PBXFileReference; lastKnownFileType = text.json; path = vocabulary_free_sample_250_v1.json; sourceTree = "<group>"; };
		C8A89A96ABEC00BB68023331 /* LearningDataStore.swift */ = {isa = PBXFileReference; lastKnownFileType = sourcecode.swift; path = LearningDataStore.swift; sourceTree = "<group>"; };
		CC285D65F09CA0653D4AEB4A /* LockAndStudyShieldConfigurationExtension.appex */ = {isa = PBXFileReference; includeInIndex = 0; lastKnownFileType = "wrapper.app-extension"; path = LockAndStudyShieldConfigurationExtension.appex; sourceTree = BUILT_PRODUCTS_DIR; };
		D6009FFC70F6B9E6C861D7E9 /* PrivacyInfo.xcprivacy */ = {isa = PBXFileReference; path = PrivacyInfo.xcprivacy; sourceTree = "<group>"; };
		D66ECF0AAA315C757C2D5E10 /* EmergencyUnlockTests.swift */ = {isa = PBXFileReference; lastKnownFileType = sourcecode.swift; path = EmergencyUnlockTests.swift; sourceTree = "<group>"; };
		D6F235FC79B123FC718044A6 /* LearningTests.swift */ = {isa = PBXFileReference; lastKnownFileType = sourcecode.swift; path = LearningTests.swift; sourceTree = "<group>"; };
		D8740A31CF8244BDC71F8395 /* LockPolicyTests.swift */ = {isa = PBXFileReference; lastKnownFileType = sourcecode.swift; path = LockPolicyTests.swift; sourceTree = "<group>"; };
		D8C4A6BC2C49919399F5D034 /* PrivacyInfo.xcprivacy */ = {isa = PBXFileReference; path = PrivacyInfo.xcprivacy; sourceTree = "<group>"; };
		D9634DE74BB84C2DBCE59CCE /* Assets.xcassets */ = {isa = PBXFileReference; lastKnownFileType = folder.assetcatalog; path = Assets.xcassets; sourceTree = "<group>"; };
		DA552FC4A38D04718E7EAD28 /* DateProvider.swift */ = {isa = PBXFileReference; lastKnownFileType = sourcecode.swift; path = DateProvider.swift; sourceTree = "<group>"; };
		DAEF0802E477B496A5E664CD /* DeviceActivityMonitorExtension.swift */ = {isa = PBXFileReference; lastKnownFileType = sourcecode.swift; path = DeviceActivityMonitorExtension.swift; sourceTree = "<group>"; };
		E555E9D988204E317D236852 /* LockAndStudyShieldActionExtension.appex */ = {isa = PBXFileReference; includeInIndex = 0; lastKnownFileType = "wrapper.app-extension"; path = LockAndStudyShieldActionExtension.appex; sourceTree = BUILT_PRODUCTS_DIR; };
		E710BB9EA03E205FD3A89607 /* StudySessionView.swift */ = {isa = PBXFileReference; lastKnownFileType = sourcecode.swift; path = StudySessionView.swift; sourceTree = "<group>"; };
		EA6C993937583046ED9BF8B7 /* CommerceTests.swift */ = {isa = PBXFileReference; lastKnownFileType = sourcecode.swift; path = CommerceTests.swift; sourceTree = "<group>"; };
		F3B645229A553BB28BF3498E /* LearningModels.swift */ = {isa = PBXFileReference; lastKnownFileType = sourcecode.swift; path = LearningModels.swift; sourceTree = "<group>"; };
		F578678CAD769C00603D3D6E /* AppModel.swift */ = {isa = PBXFileReference; lastKnownFileType = sourcecode.swift; path = AppModel.swift; sourceTree = "<group>"; };
/* End PBXFileReference section */

/* Begin PBXGroup section */
		031E3EB6FA4F0349A874C126 /* Security */ = {
			isa = PBXGroup;
			children = (
				AD9F67380D89054BE98C9310 /* EmergencyUnlockService.swift */,
				61D548D8C143A48F87AB2FFA /* ManagementCodeStore.swift */,
				C5E08D0CE9E32773B1696FC5 /* PolicyProtectionService.swift */,
			);
			path = Security;
			sourceTree = "<group>";
		};
		09282B475B0373F6304E7D1B /* LockAndStudyTests */ = {
			isa = PBXGroup;
			children = (
				EA6C993937583046ED9BF8B7 /* CommerceTests.swift */,
				10A2FDD02695CD5C9DC00DE2 /* ContentAndStoreKitTests.swift */,
				D66ECF0AAA315C757C2D5E10 /* EmergencyUnlockTests.swift */,
				D6F235FC79B123FC718044A6 /* LearningTests.swift */,
				D8740A31CF8244BDC71F8395 /* LockPolicyTests.swift */,
				AEC3A0448978244375469A22 /* ManagementCodeTests.swift */,
			);
			path = LockAndStudyTests;
			sourceTree = "<group>";
		};
		0D7D595ED702598591489F47 /* LockAndStudy */ = {
			isa = PBXGroup;
			children = (
				9A139A1AACB89E3F4BB1D558 /* App */,
				5B2C45303C034C9EC72EFD2A /* Core */,
				EAA552ECD79A0A4F4C7E5F9D /* Features */,
				8218701A225E33602C94C7F8 /* Modules */,
				93DB01D9414CF15EE8A53FAA /* Resources */,
				BABCCB5FFE6725B18BC8AACE /* Shared */,
			);
			path = LockAndStudy;
			sourceTree = "<group>";
		};
		158396AF8380758F92F95E12 /* Products */ = {
			isa = PBXGroup;
			children = (
				25F8C54005832BB63AB98AD0 /* LockAndStudy.app */,
				4039A8C47CD5D7D3D3E5FB4D /* LockAndStudyDeviceActivityMonitorExtension.appex */,
				E555E9D988204E317D236852 /* LockAndStudyShieldActionExtension.appex */,
				CC285D65F09CA0653D4AEB4A /* LockAndStudyShieldConfigurationExtension.appex */,
				68D30B6EBDEE402888CEE7BC /* LockAndStudyTests.xctest */,
				219C0FA59263DCC1968C6F17 /* LockAndStudyUITests.xctest */,
			);
			name = Products;
			sourceTree = "<group>";
		};
		1B892BC35A558365051474F8 /* Study */ = {
			isa = PBXGroup;
			children = (
				E710BB9EA03E205FD3A89607 /* StudySessionView.swift */,
			);
			path = Study;
			sourceTree = "<group>";
		};
		2E4D24A5F190FECE72AB3876 /* Content */ = {
			isa = PBXGroup;
			children = (
				B72BBD55FB3F9DE96D582DE7 /* Released */,
			);
			path = Content;
			sourceTree = "<group>";
		};
		308E1A13ABC3509C6F391D41 /* LockAndStudyDeviceActivityMonitorExtension */ = {
			isa = PBXGroup;
			children = (
				DAEF0802E477B496A5E664CD /* DeviceActivityMonitorExtension.swift */,
				863B9A9420F9698C3E2583E6 /* PrivacyInfo.xcprivacy */,
			);
			path = LockAndStudyDeviceActivityMonitorExtension;
			sourceTree = "<group>";
		};
		30A4760E2F28F5D103BE34F5 /* Records */ = {
			isa = PBXGroup;
			children = (
				5C0547F62B36021C0853BCF5 /* RecordsView.swift */,
			);
			path = Records;
			sourceTree = "<group>";
		};
		4143E1270F74FA1F6A8589BB = {
			isa = PBXGroup;
			children = (
				0D7D595ED702598591489F47 /* LockAndStudy */,
				308E1A13ABC3509C6F391D41 /* LockAndStudyDeviceActivityMonitorExtension */,
				F39E85EC1E70881A2DF39107 /* LockAndStudyShieldActionExtension */,
				474EA2E3E38B55A583653C83 /* LockAndStudyShieldConfigurationExtension */,
				09282B475B0373F6304E7D1B /* LockAndStudyTests */,
				5AEFFC8D0214DE0EA7034938 /* LockAndStudyUITests */,
				158396AF8380758F92F95E12 /* Products */,
			);
			sourceTree = "<group>";
		};
		474EA2E3E38B55A583653C83 /* LockAndStudyShieldConfigurationExtension */ = {
			isa = PBXGroup;
			children = (
				D6009FFC70F6B9E6C861D7E9 /* PrivacyInfo.xcprivacy */,
				75B9726E361B52CCEAE745AC /* ShieldConfigurationExtension.swift */,
			);
			path = LockAndStudyShieldConfigurationExtension;
			sourceTree = "<group>";
		};
		4788513AC6CBB257A249317C /* Settings */ = {
			isa = PBXGroup;
			children = (
				AFAAD12E85FA2D52431CB5EF /* EmergencyUnlockView.swift */,
				160FAFE293AD59C512C73931 /* SettingsView.swift */,
			);
			path = Settings;
			sourceTree = "<group>";
		};
		5AEFFC8D0214DE0EA7034938 /* LockAndStudyUITests */ = {
			isa = PBXGroup;
			children = (
				6A79975337CC2A0F9348BD4A /* LockAndStudyUITests.swift */,
			);
			path = LockAndStudyUITests;
			sourceTree = "<group>";
		};
		5B2C45303C034C9EC72EFD2A /* Core */ = {
			isa = PBXGroup;
			children = (
				C2DDE3B21DB0DB605976BE7C /* Commerce */,
				7339944878F4DDB855B84866 /* Content */,
				D68560A4AC3D34B97772B356 /* Learning */,
				689AEAB936341119C352AF3E /* Lock */,
				77AB079A65E432BF10557706 /* Migration */,
				FB22972FFD202168CB4092E8 /* Notifications */,
				B030D604AEC3EB00EB12D9A6 /* Persistence */,
				031E3EB6FA4F0349A874C126 /* Security */,
				69F83A33A97692381562B286 /* Support */,
			);
			path = Core;
			sourceTree = "<group>";
		};
		67F8F6E565D31168E4EB6195 /* Library */ = {
			isa = PBXGroup;
			children = (
				1E87AD7FD20E82487B0A025A /* LibraryView.swift */,
			);
			path = Library;
			sourceTree = "<group>";
		};
		689AEAB936341119C352AF3E /* Lock */ = {
			isa = PBXGroup;
			children = (
				BB950C209CD7EF2261125E6A /* LockPolicy.swift */,
				637ABE5B9E39BA13BE35BF3F /* LockPolicyStore.swift */,
				A4F6CE336058F8D86FD00DE5 /* PendingUnlockRequestCoordinator.swift */,
				4BD167345A6CDA06B3C5F557 /* ScreenTimeLockService.swift */,
			);
			path = Lock;
			sourceTree = "<group>";
		};
		69F83A33A97692381562B286 /* Support */ = {
			isa = PBXGroup;
			children = (
				DA552FC4A38D04718E7EAD28 /* DateProvider.swift */,
				C0D98D7EF0D60BF6E3208D7B /* SpeechService.swift */,
			);
			path = Support;
			sourceTree = "<group>";
		};
		7339944878F4DDB855B84866 /* Content */ = {
			isa = PBXGroup;
			children = (
				324F5D76807C318F0B54DF88 /* ContentAccessService.swift */,
				5ED9C76653DE4320A788E36C /* ContentRepository.swift */,
				98737A725F68857CDF65FFD8 /* StudyContentModels.swift */,
			);
			path = Content;
			sourceTree = "<group>";
		};
		76E1B89F51D7B8485796DDFE /* Home */ = {
			isa = PBXGroup;
			children = (
				C67D9A35729225E0DA1D8D94 /* HomeView.swift */,
			);
			path = Home;
			sourceTree = "<group>";
		};
		77AB079A65E432BF10557706 /* Migration */ = {
			isa = PBXGroup;
			children = (
				635D00A3D7BCE4F695F30AD3 /* LegacyMigrationModels.swift */,
			);
			path = Migration;
			sourceTree = "<group>";
		};
		8218701A225E33602C94C7F8 /* Modules */ = {
			isa = PBXGroup;
			children = (
				F607DD1C1A2437A81BCD5F84 /* Takken */,
				E9B4F154A0680BDD0DFF4304 /* Vocabulary */,
			);
			path = Modules;
			sourceTree = "<group>";
		};
		93DB01D9414CF15EE8A53FAA /* Resources */ = {
			isa = PBXGroup;
			children = (
				D9634DE74BB84C2DBCE59CCE /* Assets.xcassets */,
				BA037A666C8D37419D5FFE30 /* Localizable.xcstrings */,
				13D261FF84F544E4D59FFF3D /* LockAndStudy.storekit */,
				3EFF3ED639E65CC19BD33E3C /* PrivacyInfo.xcprivacy */,
				2E4D24A5F190FECE72AB3876 /* Content */,
			);
			path = Resources;
			sourceTree = "<group>";
		};
		9A139A1AACB89E3F4BB1D558 /* App */ = {
			isa = PBXGroup;
			children = (
				F578678CAD769C00603D3D6E /* AppModel.swift */,
				3177EA014819A28B300C176E /* AppRouter.swift */,
				3BD7630F84A8754CBF8048C2 /* DependencyContainer.swift */,
				9646ABC650E86550A2B44F90 /* LockAndStudyApp.swift */,
				78362FCBBFB75B1257172434 /* RootView.swift */,
			);
			path = App;
			sourceTree = "<group>";
		};
		B030D604AEC3EB00EB12D9A6 /* Persistence */ = {
			isa = PBXGroup;
			children = (
				C8A89A96ABEC00BB68023331 /* LearningDataStore.swift */,
			);
			path = Persistence;
			sourceTree = "<group>";
		};
		B72BBD55FB3F9DE96D582DE7 /* Released */ = {
			isa = PBXGroup;
			children = (
				3F3DA7CDC1C22F4543B40EA8 /* english3000_credits_v1.txt */,
				8D05A8487A9D68222CEC0AE5 /* english3000_metadata_v1.json */,
				BA10848279A29FDC4027C45A /* study_pack_catalog.json */,
				277A8685DD63B58B9476AD84 /* takken_2026_free_100_v1.json */,
				7889412D6DB09D61362CF630 /* takken2026_credits_v1.txt */,
				39E6AEA2E412FDC3AF36B580 /* takken2026_metadata_v1.json */,
				42D285ECB76C5343277EDC93 /* vocabulary_english3000_v1.json */,
				C6C30B7842E5A9CF6618495D /* vocabulary_free_sample_250_v1.json */,
			);
			path = Released;
			sourceTree = "<group>";
		};
		BABCCB5FFE6725B18BC8AACE /* Shared */ = {
			isa = PBXGroup;
			children = (
				84EB3F8AB3401C67B6D6CBC2 /* LockAndStudySharedConstants.swift */,
				5A7378A9A7ED5C8E3B63286F /* LockAndStudyTheme.swift */,
			);
			path = Shared;
			sourceTree = "<group>";
		};
		C2DDE3B21DB0DB605976BE7C /* Commerce */ = {
			isa = PBXGroup;
			children = (
				7ECC8F6A66E9089FAB87D5C8 /* CommerceModels.swift */,
				4FF2F115FD03369D7142BC94 /* StoreKitCommerceService.swift */,
			);
			path = Commerce;
			sourceTree = "<group>";
		};
		C33BA57085DFC75F94AF0350 /* Onboarding */ = {
			isa = PBXGroup;
			children = (
				4DBF098CE23D864F3780E5D2 /* OnboardingFlowView.swift */,
			);
			path = Onboarding;
			sourceTree = "<group>";
		};
		CB1EFB44EB5F5008F19B7FC3 /* Purchases */ = {
			isa = PBXGroup;
			children = (
				A3D1663F496DE2C9133B28CF /* PurchaseView.swift */,
			);
			path = Purchases;
			sourceTree = "<group>";
		};
		D68560A4AC3D34B97772B356 /* Learning */ = {
			isa = PBXGroup;
			children = (
				F3B645229A553BB28BF3498E /* LearningModels.swift */,
			);
			path = Learning;
			sourceTree = "<group>";
		};
		E9B4F154A0680BDD0DFF4304 /* Vocabulary */ = {
			isa = PBXGroup;
			children = (
				A9C0A206E3F580B0270EEEC9 /* VocabularyStudyModule.swift */,
			);
			path = Vocabulary;
			sourceTree = "<group>";
		};
		EAA552ECD79A0A4F4C7E5F9D /* Features */ = {
			isa = PBXGroup;
			children = (
				76E1B89F51D7B8485796DDFE /* Home */,
				67F8F6E565D31168E4EB6195 /* Library */,
				C33BA57085DFC75F94AF0350 /* Onboarding */,
				CB1EFB44EB5F5008F19B7FC3 /* Purchases */,
				30A4760E2F28F5D103BE34F5 /* Records */,
				4788513AC6CBB257A249317C /* Settings */,
				1B892BC35A558365051474F8 /* Study */,
			);
			path = Features;
			sourceTree = "<group>";
		};
		F39E85EC1E70881A2DF39107 /* LockAndStudyShieldActionExtension */ = {
			isa = PBXGroup;
			children = (
				D8C4A6BC2C49919399F5D034 /* PrivacyInfo.xcprivacy */,
				5506B298B08A2A671BFABE38 /* ShieldActionExtension.swift */,
			);
			path = LockAndStudyShieldActionExtension;
			sourceTree = "<group>";
		};
		F607DD1C1A2437A81BCD5F84 /* Takken */ = {
			isa = PBXGroup;
			children = (
				2BE0A366EC784825AD441E79 /* TakkenStudyModule.swift */,
			);
			path = Takken;
			sourceTree = "<group>";
		};
		FB22972FFD202168CB4092E8 /* Notifications */ = {
			isa = PBXGroup;
			children = (
				99537359B9B92CCBE0D61ABE /* NotificationService.swift */,
			);
			path = Notifications;
			sourceTree = "<group>";
		};
/* End PBXGroup section */

/* Begin PBXNativeTarget section */
		0758A5573090B8D74E93A8EB /* LockAndStudyShieldActionExtension */ = {
			isa = PBXNativeTarget;
			buildConfigurationList = 2C3FADC2BF677781F664050F /* Build configuration list for PBXNativeTarget "LockAndStudyShieldActionExtension" */;
			buildPhases = (
				3F57627CA803D57E492A97B8 /* Sources */,
				71FA62551FB57869D426549A /* Resources */,
			);
			buildRules = (
			);
			dependencies = (
			);
			name = LockAndStudyShieldActionExtension;
			packageProductDependencies = (
			);
			productName = LockAndStudyShieldActionExtension;
			productReference = E555E9D988204E317D236852 /* LockAndStudyShieldActionExtension.appex */;
			productType = "com.apple.product-type.app-extension";
		};
		34FBC548957566570DC731B8 /* LockAndStudyShieldConfigurationExtension */ = {
			isa = PBXNativeTarget;
			buildConfigurationList = 9A78AEF7DA0802DFCDF855F1 /* Build configuration list for PBXNativeTarget "LockAndStudyShieldConfigurationExtension" */;
			buildPhases = (
				B66CE46EBB77742C9FCA4F1A /* Sources */,
				74EEBC2B1594C8AC67DF7E01 /* Resources */,
			);
			buildRules = (
			);
			dependencies = (
			);
			name = LockAndStudyShieldConfigurationExtension;
			packageProductDependencies = (
			);
			productName = LockAndStudyShieldConfigurationExtension;
			productReference = CC285D65F09CA0653D4AEB4A /* LockAndStudyShieldConfigurationExtension.appex */;
			productType = "com.apple.product-type.app-extension";
		};
		3E7BF83421DCD4ABA53CEDA1 /* LockAndStudyTests */ = {
			isa = PBXNativeTarget;
			buildConfigurationList = CA80B681F29BF7F47DDFCA74 /* Build configuration list for PBXNativeTarget "LockAndStudyTests" */;
			buildPhases = (
				722574A4074BF28445DACD1F /* Sources */,
				892487F25A77D8C06B67829A /* Resources */,
			);
			buildRules = (
			);
			dependencies = (
				795DA76E2A604F579BD33C2C /* PBXTargetDependency */,
			);
			name = LockAndStudyTests;
			packageProductDependencies = (
			);
			productName = LockAndStudyTests;
			productReference = 68D30B6EBDEE402888CEE7BC /* LockAndStudyTests.xctest */;
			productType = "com.apple.product-type.bundle.unit-test";
		};
		B4B663CD46124BEDD73DB9AF /* LockAndStudyUITests */ = {
			isa = PBXNativeTarget;
			buildConfigurationList = AD99E29738B73ED37DBE27C7 /* Build configuration list for PBXNativeTarget "LockAndStudyUITests" */;
			buildPhases = (
				D35FB8F73C90B5668BE5451C /* Sources */,
			);
			buildRules = (
			);
			dependencies = (
				7A9B4A0C642E04BAB3B1A861 /* PBXTargetDependency */,
			);
			name = LockAndStudyUITests;
			packageProductDependencies = (
			);
			productName = LockAndStudyUITests;
			productReference = 219C0FA59263DCC1968C6F17 /* LockAndStudyUITests.xctest */;
			productType = "com.apple.product-type.bundle.ui-testing";
		};
		C5D948F7874379018BE3773C /* LockAndStudyDeviceActivityMonitorExtension */ = {
			isa = PBXNativeTarget;
			buildConfigurationList = 68EFAFCEBE7C0FB85547C9DF /* Build configuration list for PBXNativeTarget "LockAndStudyDeviceActivityMonitorExtension" */;
			buildPhases = (
				4C0B6278EFE178F2B46CEFB4 /* Sources */,
				7CE99454D094087FBA917F76 /* Resources */,
			);
			buildRules = (
			);
			dependencies = (
			);
			name = LockAndStudyDeviceActivityMonitorExtension;
			packageProductDependencies = (
			);
			productName = LockAndStudyDeviceActivityMonitorExtension;
			productReference = 4039A8C47CD5D7D3D3E5FB4D /* LockAndStudyDeviceActivityMonitorExtension.appex */;
			productType = "com.apple.product-type.app-extension";
		};
		DBED801591001112471D8F82 /* LockAndStudy */ = {
			isa = PBXNativeTarget;
			buildConfigurationList = 522DA9AE9047F10671DCDA11 /* Build configuration list for PBXNativeTarget "LockAndStudy" */;
			buildPhases = (
				34997AFACE29C578762FCDCE /* Sources */,
				8A1200EC5C783B4FD98CBAE2 /* Resources */,
				2C631923CB306792DDAE08FF /* Embed Foundation Extensions */,
			);
			buildRules = (
			);
			dependencies = (
				58F9F901E51A4A59954EC4D2 /* PBXTargetDependency */,
				069BE45D063CBF2ADFB59B81 /* PBXTargetDependency */,
				F76668FA74D343EA503D89EA /* PBXTargetDependency */,
			);
			name = LockAndStudy;
			packageProductDependencies = (
			);
			productName = LockAndStudy;
			productReference = 25F8C54005832BB63AB98AD0 /* LockAndStudy.app */;
			productType = "com.apple.product-type.application";
		};
/* End PBXNativeTarget section */

/* Begin PBXProject section */
		0A79C5E4591C233F092AAA74 /* Project object */ = {
			isa = PBXProject;
			attributes = {
				BuildIndependentTargetsInParallel = YES;
				LastUpgradeCheck = 1430;
				TargetAttributes = {
					0758A5573090B8D74E93A8EB = {
						DevelopmentTeam = BNS246HYZU;
						ProvisioningStyle = Automatic;
					};
					34FBC548957566570DC731B8 = {
						DevelopmentTeam = BNS246HYZU;
						ProvisioningStyle = Automatic;
					};
					3E7BF83421DCD4ABA53CEDA1 = {
						DevelopmentTeam = BNS246HYZU;
						ProvisioningStyle = Automatic;
					};
					B4B663CD46124BEDD73DB9AF = {
						DevelopmentTeam = BNS246HYZU;
						ProvisioningStyle = Automatic;
						TestTargetID = DBED801591001112471D8F82;
					};
					C5D948F7874379018BE3773C = {
						DevelopmentTeam = BNS246HYZU;
						ProvisioningStyle = Automatic;
					};
					DBED801591001112471D8F82 = {
						DevelopmentTeam = BNS246HYZU;
						ProvisioningStyle = Automatic;
					};
				};
			};
			buildConfigurationList = 72BFC6DC2002BB373F5EE99F /* Build configuration list for PBXProject "LockAndStudy" */;
			developmentRegion = ja;
			hasScannedForEncodings = 0;
			knownRegions = (
				Base,
				ja,
			);
			mainGroup = 4143E1270F74FA1F6A8589BB;
			minimizedProjectReferenceProxies = 1;
			preferredProjectObjectVersion = 77;
			productRefGroup = 158396AF8380758F92F95E12 /* Products */;
			projectDirPath = "";
			projectRoot = "";
			targets = (
				DBED801591001112471D8F82 /* LockAndStudy */,
				C5D948F7874379018BE3773C /* LockAndStudyDeviceActivityMonitorExtension */,
				0758A5573090B8D74E93A8EB /* LockAndStudyShieldActionExtension */,
				34FBC548957566570DC731B8 /* LockAndStudyShieldConfigurationExtension */,
				3E7BF83421DCD4ABA53CEDA1 /* LockAndStudyTests */,
				B4B663CD46124BEDD73DB9AF /* LockAndStudyUITests */,
			);
		};
/* End PBXProject section */

/* Begin PBXResourcesBuildPhase section */
		71FA62551FB57869D426549A /* Resources */ = {
			isa = PBXResourcesBuildPhase;
			buildActionMask = 2147483647;
			files = (
				9C940F442F86A524699CFCA1 /* PrivacyInfo.xcprivacy in Resources */,
			);
			runOnlyForDeploymentPostprocessing = 0;
		};
		74EEBC2B1594C8AC67DF7E01 /* Resources */ = {
			isa = PBXResourcesBuildPhase;
			buildActionMask = 2147483647;
			files = (
				0DF34DBCF6802BB05692FECB /* PrivacyInfo.xcprivacy in Resources */,
			);
			runOnlyForDeploymentPostprocessing = 0;
		};
		7CE99454D094087FBA917F76 /* Resources */ = {
			isa = PBXResourcesBuildPhase;
			buildActionMask = 2147483647;
			files = (
				2FC4D5A708A9EC329C1DEEA1 /* PrivacyInfo.xcprivacy in Resources */,
			);
			runOnlyForDeploymentPostprocessing = 0;
		};
		892487F25A77D8C06B67829A /* Resources */ = {
			isa = PBXResourcesBuildPhase;
			buildActionMask = 2147483647;
			files = (
				69B12495586EB8B946E8A800 /* LockAndStudy.storekit in Resources */,
			);
			runOnlyForDeploymentPostprocessing = 0;
		};
		8A1200EC5C783B4FD98CBAE2 /* Resources */ = {
			isa = PBXResourcesBuildPhase;
			buildActionMask = 2147483647;
			files = (
				CB3AB4FB3D780DFDBC1BC9F4 /* Assets.xcassets in Resources */,
				CD5A09898B9ADC452E1F20D3 /* Localizable.xcstrings in Resources */,
				7B08610E275B69A99D10C766 /* PrivacyInfo.xcprivacy in Resources */,
				77D56F0BA44C197A40375CE7 /* english3000_credits_v1.txt in Resources */,
				6BB757E430990DE8F1792CB0 /* english3000_metadata_v1.json in Resources */,
				C30BC2874B21A4016C61DC2C /* study_pack_catalog.json in Resources */,
				4AA867658561F145B8EA9603 /* takken2026_credits_v1.txt in Resources */,
				B8B6AECAF7B797642B899462 /* takken2026_metadata_v1.json in Resources */,
				65C07F72B63F9E77DC816A11 /* takken_2026_free_100_v1.json in Resources */,
				B7BCC7D6831907F02030B2A6 /* vocabulary_english3000_v1.json in Resources */,
				C73DA41286439F48D0BFDB0E /* vocabulary_free_sample_250_v1.json in Resources */,
			);
			runOnlyForDeploymentPostprocessing = 0;
		};
/* End PBXResourcesBuildPhase section */

/* Begin PBXSourcesBuildPhase section */
		34997AFACE29C578762FCDCE /* Sources */ = {
			isa = PBXSourcesBuildPhase;
			buildActionMask = 2147483647;
			files = (
				82A5F87CA7239C7298C5D0B9 /* AppModel.swift in Sources */,
				13565A7D4033317B7CFE9B31 /* AppRouter.swift in Sources */,
				75BA03B28D46795243DE86C7 /* CommerceModels.swift in Sources */,
				035B1A5CA4B375CE041E0E2B /* ContentAccessService.swift in Sources */,
				2D06E60120AEC27E118473A9 /* ContentRepository.swift in Sources */,
				DB83706FBC091A56363A0ECE /* DateProvider.swift in Sources */,
				6C273D6FE27922D7B012AACC /* DependencyContainer.swift in Sources */,
				2DF343EB992FFA5776C46196 /* EmergencyUnlockService.swift in Sources */,
				8C18284A7C5762212C4D66C7 /* EmergencyUnlockView.swift in Sources */,
				70527BA2426DBAD5AA241E27 /* HomeView.swift in Sources */,
				2F84E5A45F98E9BB8336FF34 /* LearningDataStore.swift in Sources */,
				73DEE204709B5F6C12961649 /* LearningModels.swift in Sources */,
				36063AC227FB8AE7A235FF04 /* LegacyMigrationModels.swift in Sources */,
				54A21221B81D099D1D217EF2 /* LibraryView.swift in Sources */,
				F3B3DC444DD0E336062873E3 /* LockAndStudyApp.swift in Sources */,
				CBFCB5AC889A69CF66C73428 /* LockAndStudySharedConstants.swift in Sources */,
				F688AF112F15C7DE22D05BBC /* LockAndStudyTheme.swift in Sources */,
				1EC6BFC6066C3BA95B3923FA /* LockPolicy.swift in Sources */,
				1D2518A1083A7EFB1703242E /* LockPolicyStore.swift in Sources */,
				A1A39743C39BAA4F98A90169 /* ManagementCodeStore.swift in Sources */,
				9777C13D8261BFCEE994BF15 /* NotificationService.swift in Sources */,
				DF66BCA355EB733944CED008 /* OnboardingFlowView.swift in Sources */,
				A4B19689206FE9436F81E407 /* PendingUnlockRequestCoordinator.swift in Sources */,
				FDE1EC3F7199EEF88B9C330C /* PolicyProtectionService.swift in Sources */,
				29640E100BAA4C114A034E04 /* PurchaseView.swift in Sources */,
				57869F6083D674575A252113 /* RecordsView.swift in Sources */,
				EA0066AF5BFF239D744A6323 /* RootView.swift in Sources */,
				3FCB7A6F74EB7441301106C1 /* ScreenTimeLockService.swift in Sources */,
				99296404BABD37DB6730706D /* SettingsView.swift in Sources */,
				28D7EED9DB83D7440EB457BF /* SpeechService.swift in Sources */,
				A93EEFF9DE12E3923D210120 /* StoreKitCommerceService.swift in Sources */,
				E7F9F777603FB78B4B666EE9 /* StudyContentModels.swift in Sources */,
				808102F7802EC613002F3EB2 /* StudySessionView.swift in Sources */,
				BC38DAB0BBBC98A1A3C9444B /* TakkenStudyModule.swift in Sources */,
				B35480BAA9533ADE7FC929DF /* VocabularyStudyModule.swift in Sources */,
			);
			runOnlyForDeploymentPostprocessing = 0;
		};
		3F57627CA803D57E492A97B8 /* Sources */ = {
			isa = PBXSourcesBuildPhase;
			buildActionMask = 2147483647;
			files = (
				096A9B721BC23C041D51C8BF /* LockAndStudySharedConstants.swift in Sources */,
				436291DCC22D3FBEA1C0F6C7 /* LockAndStudyTheme.swift in Sources */,
				0F100E2D141C5997D3FB15F8 /* ShieldActionExtension.swift in Sources */,
			);
			runOnlyForDeploymentPostprocessing = 0;
		};
		4C0B6278EFE178F2B46CEFB4 /* Sources */ = {
			isa = PBXSourcesBuildPhase;
			buildActionMask = 2147483647;
			files = (
				0B0EF4F88EE221B59C611667 /* DeviceActivityMonitorExtension.swift in Sources */,
				9CDBCD15696C125910E06C96 /* LockAndStudySharedConstants.swift in Sources */,
				3EBB25F544585F8E92288630 /* LockAndStudyTheme.swift in Sources */,
			);
			runOnlyForDeploymentPostprocessing = 0;
		};
		722574A4074BF28445DACD1F /* Sources */ = {
			isa = PBXSourcesBuildPhase;
			buildActionMask = 2147483647;
			files = (
				09B44968BBDC4A73D58D632A /* CommerceTests.swift in Sources */,
				8B2E9B5F62DD8C2CBEEA4D93 /* ContentAndStoreKitTests.swift in Sources */,
				1C58FDF3D58F841B64DEB956 /* EmergencyUnlockTests.swift in Sources */,
				D82E16DEB2D0B9DC7C0FAF09 /* LearningTests.swift in Sources */,
				871FCCE7D366B40637AA6085 /* LockPolicyTests.swift in Sources */,
				CAA00DCD5AAA296C1586D16C /* ManagementCodeTests.swift in Sources */,
			);
			runOnlyForDeploymentPostprocessing = 0;
		};
		B66CE46EBB77742C9FCA4F1A /* Sources */ = {
			isa = PBXSourcesBuildPhase;
			buildActionMask = 2147483647;
			files = (
				AFDDA993E03EDA0FB485E698 /* LockAndStudySharedConstants.swift in Sources */,
				099B3EA251EA12104F2CB1B6 /* LockAndStudyTheme.swift in Sources */,
				51C88E183F7FF33322A9235A /* ShieldConfigurationExtension.swift in Sources */,
			);
			runOnlyForDeploymentPostprocessing = 0;
		};
		D35FB8F73C90B5668BE5451C /* Sources */ = {
			isa = PBXSourcesBuildPhase;
			buildActionMask = 2147483647;
			files = (
				0C143D774B63E9B8F340382F /* LockAndStudyUITests.swift in Sources */,
			);
			runOnlyForDeploymentPostprocessing = 0;
		};
/* End PBXSourcesBuildPhase section */

/* Begin PBXTargetDependency section */
		069BE45D063CBF2ADFB59B81 /* PBXTargetDependency */ = {
			isa = PBXTargetDependency;
			target = 0758A5573090B8D74E93A8EB /* LockAndStudyShieldActionExtension */;
			targetProxy = CDC877831EFEB75C28E2683A /* PBXContainerItemProxy */;
		};
		58F9F901E51A4A59954EC4D2 /* PBXTargetDependency */ = {
			isa = PBXTargetDependency;
			target = 34FBC548957566570DC731B8 /* LockAndStudyShieldConfigurationExtension */;
			targetProxy = 4AD670903C4B32184A44D51E /* PBXContainerItemProxy */;
		};
		795DA76E2A604F579BD33C2C /* PBXTargetDependency */ = {
			isa = PBXTargetDependency;
			target = DBED801591001112471D8F82 /* LockAndStudy */;
			targetProxy = BD0337637EB346392EDC098F /* PBXContainerItemProxy */;
		};
		7A9B4A0C642E04BAB3B1A861 /* PBXTargetDependency */ = {
			isa = PBXTargetDependency;
			target = DBED801591001112471D8F82 /* LockAndStudy */;
			targetProxy = 1C138055954C677AE40C1A54 /* PBXContainerItemProxy */;
		};
		F76668FA74D343EA503D89EA /* PBXTargetDependency */ = {
			isa = PBXTargetDependency;
			target = C5D948F7874379018BE3773C /* LockAndStudyDeviceActivityMonitorExtension */;
			targetProxy = 8656A382D65B0A7F4233CA97 /* PBXContainerItemProxy */;
		};
/* End PBXTargetDependency section */

/* Begin XCBuildConfiguration section */
		16FF9C6DC162B4375D264B3A /* Debug */ = {
			isa = XCBuildConfiguration;
			buildSettings = {
				ALWAYS_SEARCH_USER_PATHS = NO;
				CLANG_ANALYZER_NONNULL = YES;
				CLANG_ANALYZER_NUMBER_OBJECT_CONVERSION = YES_AGGRESSIVE;
				CLANG_CXX_LANGUAGE_STANDARD = "gnu++14";
				CLANG_CXX_LIBRARY = "libc++";
				CLANG_ENABLE_MODULES = YES;
				CLANG_ENABLE_OBJC_ARC = YES;
				CLANG_ENABLE_OBJC_WEAK = YES;
				CLANG_WARN_BLOCK_CAPTURE_AUTORELEASING = YES;
				CLANG_WARN_BOOL_CONVERSION = YES;
				CLANG_WARN_COMMA = YES;
				CLANG_WARN_CONSTANT_CONVERSION = YES;
				CLANG_WARN_DEPRECATED_OBJC_IMPLEMENTATIONS = YES;
				CLANG_WARN_DIRECT_OBJC_ISA_USAGE = YES_ERROR;
				CLANG_WARN_DOCUMENTATION_COMMENTS = YES;
				CLANG_WARN_EMPTY_BODY = YES;
				CLANG_WARN_ENUM_CONVERSION = YES;
				CLANG_WARN_INFINITE_RECURSION = YES;
				CLANG_WARN_INT_CONVERSION = YES;
				CLANG_WARN_NON_LITERAL_NULL_CONVERSION = YES;
				CLANG_WARN_OBJC_IMPLICIT_RETAIN_SELF = YES;
				CLANG_WARN_OBJC_LITERAL_CONVERSION = YES;
				CLANG_WARN_OBJC_ROOT_CLASS = YES_ERROR;
				CLANG_WARN_QUOTED_INCLUDE_IN_FRAMEWORK_HEADER = YES;
				CLANG_WARN_RANGE_LOOP_ANALYSIS = YES;
				CLANG_WARN_STRICT_PROTOTYPES = YES;
				CLANG_WARN_SUSPICIOUS_MOVE = YES;
				CLANG_WARN_UNGUARDED_AVAILABILITY = YES_AGGRESSIVE;
				CLANG_WARN_UNREACHABLE_CODE = YES;
				CLANG_WARN__DUPLICATE_METHOD_MATCH = YES;
				CODE_SIGN_STYLE = Automatic;
				COPY_PHASE_STRIP = NO;
				CURRENT_PROJECT_VERSION = 1;
				DEBUG_INFORMATION_FORMAT = dwarf;
				DEVELOPMENT_TEAM = BNS246HYZU;
				ENABLE_STRICT_OBJC_MSGSEND = YES;
				ENABLE_TESTABILITY = YES;
				ENABLE_USER_SCRIPT_SANDBOXING = YES;
				GCC_C_LANGUAGE_STANDARD = gnu11;
				GCC_DYNAMIC_NO_PIC = NO;
				GCC_NO_COMMON_BLOCKS = YES;
				GCC_OPTIMIZATION_LEVEL = 0;
				GCC_PREPROCESSOR_DEFINITIONS = (
					"$(inherited)",
					"DEBUG=1",
				);
				GCC_WARN_64_TO_32_BIT_CONVERSION = YES;
				GCC_WARN_ABOUT_RETURN_TYPE = YES_ERROR;
				GCC_WARN_UNDECLARED_SELECTOR = YES;
				GCC_WARN_UNINITIALIZED_AUTOS = YES_AGGRESSIVE;
				GCC_WARN_UNUSED_FUNCTION = YES;
				GCC_WARN_UNUSED_VARIABLE = YES;
				IPHONEOS_DEPLOYMENT_TARGET = 16.0;
				MARKETING_VERSION = 1.0;
				MTL_ENABLE_DEBUG_INFO = INCLUDE_SOURCE;
				MTL_FAST_MATH = YES;
				ONLY_ACTIVE_ARCH = YES;
				PRIVACY_POLICY_URL = "https://katonobo.com/lockandstudy-privacy-policy/";
				PRODUCT_NAME = "$(TARGET_NAME)";
				SDKROOT = iphoneos;
				SWIFT_ACTIVE_COMPILATION_CONDITIONS = DEBUG;
				SWIFT_OPTIMIZATION_LEVEL = "-Onone";
				SWIFT_STRICT_CONCURRENCY = targeted;
				SWIFT_VERSION = 5.0;
				TARGETED_DEVICE_FAMILY = "1,2";
			};
			name = Debug;
		};
		25D120E257BEA48D22A690E5 /* Debug */ = {
			isa = XCBuildConfiguration;
			buildSettings = {
				BUNDLE_LOADER = "$(TEST_HOST)";
				GENERATE_INFOPLIST_FILE = YES;
				LD_RUNPATH_SEARCH_PATHS = (
					"$(inherited)",
					"@executable_path/Frameworks",
					"@loader_path/Frameworks",
				);
				PRODUCT_BUNDLE_IDENTIFIER = com.ameneko.lockandstudy.uitests;
				SDKROOT = iphoneos;
				TARGETED_DEVICE_FAMILY = "1,2";
				TEST_TARGET_NAME = LockAndStudy;
			};
			name = Debug;
		};
		3449793B541037AE9FA18BCF /* Debug */ = {
			isa = XCBuildConfiguration;
			buildSettings = {
				BUNDLE_LOADER = "$(TEST_HOST)";
				GENERATE_INFOPLIST_FILE = YES;
				LD_RUNPATH_SEARCH_PATHS = (
					"$(inherited)",
					"@executable_path/Frameworks",
					"@loader_path/Frameworks",
				);
				PRODUCT_BUNDLE_IDENTIFIER = com.ameneko.lockandstudy.tests;
				SDKROOT = iphoneos;
				TARGETED_DEVICE_FAMILY = "1,2";
				TEST_HOST = "$(BUILT_PRODUCTS_DIR)/LockAndStudy.app/LockAndStudy";
			};
			name = Debug;
		};
		41E54D1260E89BC5AC3C3E6D /* Release */ = {
			isa = XCBuildConfiguration;
			buildSettings = {
				BUNDLE_LOADER = "$(TEST_HOST)";
				GENERATE_INFOPLIST_FILE = YES;
				LD_RUNPATH_SEARCH_PATHS = (
					"$(inherited)",
					"@executable_path/Frameworks",
					"@loader_path/Frameworks",
				);
				PRODUCT_BUNDLE_IDENTIFIER = com.ameneko.lockandstudy.uitests;
				SDKROOT = iphoneos;
				TARGETED_DEVICE_FAMILY = "1,2";
				TEST_TARGET_NAME = LockAndStudy;
			};
			name = Release;
		};
		6BB8FA8927245A0AECD015D2 /* Release */ = {
			isa = XCBuildConfiguration;
			buildSettings = {
				ASSETCATALOG_COMPILER_APPICON_NAME = AppIcon;
				ASSETCATALOG_COMPILER_GLOBAL_ACCENT_COLOR_NAME = AccentColor;
				CODE_SIGN_ENTITLEMENTS = LockAndStudy/LockAndStudy.entitlements;
				CODE_SIGN_IDENTITY = "iPhone Developer";
				GENERATE_INFOPLIST_FILE = YES;
				INFOPLIST_KEY_CFBundleDisplayName = "ロックンスタディ";
				INFOPLIST_KEY_LSApplicationCategoryType = "public.app-category.education";
				INFOPLIST_KEY_LockAndStudyPrivacyPolicyURL = "$(PRIVACY_POLICY_URL)";
				INFOPLIST_KEY_UIApplicationSceneManifest_Generation = YES;
				INFOPLIST_KEY_UIApplicationSupportsIndirectInputEvents = YES;
				INFOPLIST_KEY_UILaunchScreen_Generation = YES;
				INFOPLIST_KEY_UISupportedInterfaceOrientations_iPad = "UIInterfaceOrientationPortrait UIInterfaceOrientationPortraitUpsideDown UIInterfaceOrientationLandscapeLeft UIInterfaceOrientationLandscapeRight";
				INFOPLIST_KEY_UISupportedInterfaceOrientations_iPhone = "UIInterfaceOrientationPortrait UIInterfaceOrientationLandscapeLeft UIInterfaceOrientationLandscapeRight";
				LD_RUNPATH_SEARCH_PATHS = (
					"$(inherited)",
					"@executable_path/Frameworks",
				);
				PRODUCT_BUNDLE_IDENTIFIER = com.ameneko.lockandstudy;
				PRODUCT_NAME = LockAndStudy;
				SDKROOT = iphoneos;
				STRING_CATALOG_GENERATE_SYMBOLS = YES;
				TARGETED_DEVICE_FAMILY = "1,2";
			};
			name = Release;
		};
		919073D75DD98CC2555CD1EC /* Debug */ = {
			isa = XCBuildConfiguration;
			buildSettings = {
				CODE_SIGN_ENTITLEMENTS = LockAndStudyShieldActionExtension/LockAndStudyShieldActionExtension.entitlements;
				INFOPLIST_FILE = LockAndStudyShieldActionExtension/Info.plist;
				LD_RUNPATH_SEARCH_PATHS = (
					"$(inherited)",
					"@executable_path/Frameworks",
					"@executable_path/../../Frameworks",
				);
				PRODUCT_BUNDLE_IDENTIFIER = com.ameneko.lockandstudy.shieldaction;
				PRODUCT_NAME = LockAndStudyShieldActionExtension;
				SDKROOT = iphoneos;
				SKIP_INSTALL = YES;
				TARGETED_DEVICE_FAMILY = "1,2";
			};
			name = Debug;
		};
		95EB35631B45F9DB77E770BA /* Release */ = {
			isa = XCBuildConfiguration;
			buildSettings = {
				CODE_SIGN_ENTITLEMENTS = LockAndStudyDeviceActivityMonitorExtension/LockAndStudyDeviceActivityMonitorExtension.entitlements;
				INFOPLIST_FILE = LockAndStudyDeviceActivityMonitorExtension/Info.plist;
				LD_RUNPATH_SEARCH_PATHS = (
					"$(inherited)",
					"@executable_path/Frameworks",
					"@executable_path/../../Frameworks",
				);
				PRODUCT_BUNDLE_IDENTIFIER = com.ameneko.lockandstudy.deviceactivitymonitor;
				PRODUCT_NAME = LockAndStudyDeviceActivityMonitorExtension;
				SDKROOT = iphoneos;
				SKIP_INSTALL = YES;
				TARGETED_DEVICE_FAMILY = "1,2";
			};
			name = Release;
		};
		9A2850BA9942F32F7028FA08 /* Release */ = {
			isa = XCBuildConfiguration;
			buildSettings = {
				CODE_SIGN_ENTITLEMENTS = LockAndStudyShieldActionExtension/LockAndStudyShieldActionExtension.entitlements;
				INFOPLIST_FILE = LockAndStudyShieldActionExtension/Info.plist;
				LD_RUNPATH_SEARCH_PATHS = (
					"$(inherited)",
					"@executable_path/Frameworks",
					"@executable_path/../../Frameworks",
				);
				PRODUCT_BUNDLE_IDENTIFIER = com.ameneko.lockandstudy.shieldaction;
				PRODUCT_NAME = LockAndStudyShieldActionExtension;
				SDKROOT = iphoneos;
				SKIP_INSTALL = YES;
				TARGETED_DEVICE_FAMILY = "1,2";
			};
			name = Release;
		};
		B429056D2A856A986E6AF61F /* Release */ = {
			isa = XCBuildConfiguration;
			buildSettings = {
				CODE_SIGN_ENTITLEMENTS = LockAndStudyShieldConfigurationExtension/LockAndStudyShieldConfigurationExtension.entitlements;
				INFOPLIST_FILE = LockAndStudyShieldConfigurationExtension/Info.plist;
				LD_RUNPATH_SEARCH_PATHS = (
					"$(inherited)",
					"@executable_path/Frameworks",
					"@executable_path/../../Frameworks",
				);
				PRODUCT_BUNDLE_IDENTIFIER = com.ameneko.lockandstudy.shieldconfiguration;
				PRODUCT_NAME = LockAndStudyShieldConfigurationExtension;
				SDKROOT = iphoneos;
				SKIP_INSTALL = YES;
				TARGETED_DEVICE_FAMILY = "1,2";
			};
			name = Release;
		};
		BE7221E0C971927441203208 /* Debug */ = {
			isa = XCBuildConfiguration;
			buildSettings = {
				CODE_SIGN_ENTITLEMENTS = LockAndStudyDeviceActivityMonitorExtension/LockAndStudyDeviceActivityMonitorExtension.entitlements;
				INFOPLIST_FILE = LockAndStudyDeviceActivityMonitorExtension/Info.plist;
				LD_RUNPATH_SEARCH_PATHS = (
					"$(inherited)",
					"@executable_path/Frameworks",
					"@executable_path/../../Frameworks",
				);
				PRODUCT_BUNDLE_IDENTIFIER = com.ameneko.lockandstudy.deviceactivitymonitor;
				PRODUCT_NAME = LockAndStudyDeviceActivityMonitorExtension;
				SDKROOT = iphoneos;
				SKIP_INSTALL = YES;
				TARGETED_DEVICE_FAMILY = "1,2";
			};
			name = Debug;
		};
		C4319C1DD7A0251A05EE8977 /* Debug */ = {
			isa = XCBuildConfiguration;
			buildSettings = {
				ASSETCATALOG_COMPILER_APPICON_NAME = AppIcon;
				ASSETCATALOG_COMPILER_GLOBAL_ACCENT_COLOR_NAME = AccentColor;
				CODE_SIGN_ENTITLEMENTS = LockAndStudy/LockAndStudy.entitlements;
				CODE_SIGN_IDENTITY = "iPhone Developer";
				GENERATE_INFOPLIST_FILE = YES;
				INFOPLIST_KEY_CFBundleDisplayName = "ロックンスタディ";
				INFOPLIST_KEY_LSApplicationCategoryType = "public.app-category.education";
				INFOPLIST_KEY_LockAndStudyPrivacyPolicyURL = "$(PRIVACY_POLICY_URL)";
				INFOPLIST_KEY_UIApplicationSceneManifest_Generation = YES;
				INFOPLIST_KEY_UIApplicationSupportsIndirectInputEvents = YES;
				INFOPLIST_KEY_UILaunchScreen_Generation = YES;
				INFOPLIST_KEY_UISupportedInterfaceOrientations_iPad = "UIInterfaceOrientationPortrait UIInterfaceOrientationPortraitUpsideDown UIInterfaceOrientationLandscapeLeft UIInterfaceOrientationLandscapeRight";
				INFOPLIST_KEY_UISupportedInterfaceOrientations_iPhone = "UIInterfaceOrientationPortrait UIInterfaceOrientationLandscapeLeft UIInterfaceOrientationLandscapeRight";
				LD_RUNPATH_SEARCH_PATHS = (
					"$(inherited)",
					"@executable_path/Frameworks",
				);
				PRODUCT_BUNDLE_IDENTIFIER = com.ameneko.lockandstudy;
				PRODUCT_NAME = LockAndStudy;
				SDKROOT = iphoneos;
				STRING_CATALOG_GENERATE_SYMBOLS = YES;
				TARGETED_DEVICE_FAMILY = "1,2";
			};
			name = Debug;
		};
		EE8C7156CFDA183912AF41B8 /* Release */ = {
			isa = XCBuildConfiguration;
			buildSettings = {
				BUNDLE_LOADER = "$(TEST_HOST)";
				GENERATE_INFOPLIST_FILE = YES;
				LD_RUNPATH_SEARCH_PATHS = (
					"$(inherited)",
					"@executable_path/Frameworks",
					"@loader_path/Frameworks",
				);
				PRODUCT_BUNDLE_IDENTIFIER = com.ameneko.lockandstudy.tests;
				SDKROOT = iphoneos;
				TARGETED_DEVICE_FAMILY = "1,2";
				TEST_HOST = "$(BUILT_PRODUCTS_DIR)/LockAndStudy.app/LockAndStudy";
			};
			name = Release;
		};
		EF1ECB3D9BE049130EC1229E /* Debug */ = {
			isa = XCBuildConfiguration;
			buildSettings = {
				CODE_SIGN_ENTITLEMENTS = LockAndStudyShieldConfigurationExtension/LockAndStudyShieldConfigurationExtension.entitlements;
				INFOPLIST_FILE = LockAndStudyShieldConfigurationExtension/Info.plist;
				LD_RUNPATH_SEARCH_PATHS = (
					"$(inherited)",
					"@executable_path/Frameworks",
					"@executable_path/../../Frameworks",
				);
				PRODUCT_BUNDLE_IDENTIFIER = com.ameneko.lockandstudy.shieldconfiguration;
				PRODUCT_NAME = LockAndStudyShieldConfigurationExtension;
				SDKROOT = iphoneos;
				SKIP_INSTALL = YES;
				TARGETED_DEVICE_FAMILY = "1,2";
			};
			name = Debug;
		};
		F7DAC1DCB2207CA0B3B708D3 /* Release */ = {
			isa = XCBuildConfiguration;
			buildSettings = {
				ALWAYS_SEARCH_USER_PATHS = NO;
				CLANG_ANALYZER_NONNULL = YES;
				CLANG_ANALYZER_NUMBER_OBJECT_CONVERSION = YES_AGGRESSIVE;
				CLANG_CXX_LANGUAGE_STANDARD = "gnu++14";
				CLANG_CXX_LIBRARY = "libc++";
				CLANG_ENABLE_MODULES = YES;
				CLANG_ENABLE_OBJC_ARC = YES;
				CLANG_ENABLE_OBJC_WEAK = YES;
				CLANG_WARN_BLOCK_CAPTURE_AUTORELEASING = YES;
				CLANG_WARN_BOOL_CONVERSION = YES;
				CLANG_WARN_COMMA = YES;
				CLANG_WARN_CONSTANT_CONVERSION = YES;
				CLANG_WARN_DEPRECATED_OBJC_IMPLEMENTATIONS = YES;
				CLANG_WARN_DIRECT_OBJC_ISA_USAGE = YES_ERROR;
				CLANG_WARN_DOCUMENTATION_COMMENTS = YES;
				CLANG_WARN_EMPTY_BODY = YES;
				CLANG_WARN_ENUM_CONVERSION = YES;
				CLANG_WARN_INFINITE_RECURSION = YES;
				CLANG_WARN_INT_CONVERSION = YES;
				CLANG_WARN_NON_LITERAL_NULL_CONVERSION = YES;
				CLANG_WARN_OBJC_IMPLICIT_RETAIN_SELF = YES;
				CLANG_WARN_OBJC_LITERAL_CONVERSION = YES;
				CLANG_WARN_OBJC_ROOT_CLASS = YES_ERROR;
				CLANG_WARN_QUOTED_INCLUDE_IN_FRAMEWORK_HEADER = YES;
				CLANG_WARN_RANGE_LOOP_ANALYSIS = YES;
				CLANG_WARN_STRICT_PROTOTYPES = YES;
				CLANG_WARN_SUSPICIOUS_MOVE = YES;
				CLANG_WARN_UNGUARDED_AVAILABILITY = YES_AGGRESSIVE;
				CLANG_WARN_UNREACHABLE_CODE = YES;
				CLANG_WARN__DUPLICATE_METHOD_MATCH = YES;
				CODE_SIGN_STYLE = Automatic;
				COPY_PHASE_STRIP = NO;
				CURRENT_PROJECT_VERSION = 1;
				DEBUG_INFORMATION_FORMAT = "dwarf-with-dsym";
				DEVELOPMENT_TEAM = BNS246HYZU;
				ENABLE_NS_ASSERTIONS = NO;
				ENABLE_STRICT_OBJC_MSGSEND = YES;
				ENABLE_USER_SCRIPT_SANDBOXING = YES;
				GCC_C_LANGUAGE_STANDARD = gnu11;
				GCC_NO_COMMON_BLOCKS = YES;
				GCC_WARN_64_TO_32_BIT_CONVERSION = YES;
				GCC_WARN_ABOUT_RETURN_TYPE = YES_ERROR;
				GCC_WARN_UNDECLARED_SELECTOR = YES;
				GCC_WARN_UNINITIALIZED_AUTOS = YES_AGGRESSIVE;
				GCC_WARN_UNUSED_FUNCTION = YES;
				GCC_WARN_UNUSED_VARIABLE = YES;
				IPHONEOS_DEPLOYMENT_TARGET = 16.0;
				MARKETING_VERSION = 1.0;
				MTL_ENABLE_DEBUG_INFO = NO;
				MTL_FAST_MATH = YES;
				PRIVACY_POLICY_URL = "https://katonobo.com/lockandstudy-privacy-policy/";
				PRODUCT_NAME = "$(TARGET_NAME)";
				SDKROOT = iphoneos;
				SWIFT_COMPILATION_MODE = wholemodule;
				SWIFT_OPTIMIZATION_LEVEL = "-O";
				SWIFT_STRICT_CONCURRENCY = targeted;
				SWIFT_VERSION = 5.0;
				TARGETED_DEVICE_FAMILY = "1,2";
			};
			name = Release;
		};
/* End XCBuildConfiguration section */

/* Begin XCConfigurationList section */
		2C3FADC2BF677781F664050F /* Build configuration list for PBXNativeTarget "LockAndStudyShieldActionExtension" */ = {
			isa = XCConfigurationList;
			buildConfigurations = (
				919073D75DD98CC2555CD1EC /* Debug */,
				9A2850BA9942F32F7028FA08 /* Release */,
			);
			defaultConfigurationIsVisible = 0;
			defaultConfigurationName = Debug;
		};
		522DA9AE9047F10671DCDA11 /* Build configuration list for PBXNativeTarget "LockAndStudy" */ = {
			isa = XCConfigurationList;
			buildConfigurations = (
				C4319C1DD7A0251A05EE8977 /* Debug */,
				6BB8FA8927245A0AECD015D2 /* Release */,
			);
			defaultConfigurationIsVisible = 0;
			defaultConfigurationName = Debug;
		};
		68EFAFCEBE7C0FB85547C9DF /* Build configuration list for PBXNativeTarget "LockAndStudyDeviceActivityMonitorExtension" */ = {
			isa = XCConfigurationList;
			buildConfigurations = (
				BE7221E0C971927441203208 /* Debug */,
				95EB35631B45F9DB77E770BA /* Release */,
			);
			defaultConfigurationIsVisible = 0;
			defaultConfigurationName = Debug;
		};
		72BFC6DC2002BB373F5EE99F /* Build configuration list for PBXProject "LockAndStudy" */ = {
			isa = XCConfigurationList;
			buildConfigurations = (
				16FF9C6DC162B4375D264B3A /* Debug */,
				F7DAC1DCB2207CA0B3B708D3 /* Release */,
			);
			defaultConfigurationIsVisible = 0;
			defaultConfigurationName = Debug;
		};
		9A78AEF7DA0802DFCDF855F1 /* Build configuration list for PBXNativeTarget "LockAndStudyShieldConfigurationExtension" */ = {
			isa = XCConfigurationList;
			buildConfigurations = (
				EF1ECB3D9BE049130EC1229E /* Debug */,
				B429056D2A856A986E6AF61F /* Release */,
			);
			defaultConfigurationIsVisible = 0;
			defaultConfigurationName = Debug;
		};
		AD99E29738B73ED37DBE27C7 /* Build configuration list for PBXNativeTarget "LockAndStudyUITests" */ = {
			isa = XCConfigurationList;
			buildConfigurations = (
				25D120E257BEA48D22A690E5 /* Debug */,
				41E54D1260E89BC5AC3C3E6D /* Release */,
			);
			defaultConfigurationIsVisible = 0;
			defaultConfigurationName = Debug;
		};
		CA80B681F29BF7F47DDFCA74 /* Build configuration list for PBXNativeTarget "LockAndStudyTests" */ = {
			isa = XCConfigurationList;
			buildConfigurations = (
				3449793B541037AE9FA18BCF /* Debug */,
				EE8C7156CFDA183912AF41B8 /* Release */,
			);
			defaultConfigurationIsVisible = 0;
			defaultConfigurationName = Debug;
		};
/* End XCConfigurationList section */
	};
	rootObject = 0A79C5E4591C233F092AAA74 /* Project object */;
}
